// !$*UTF8*$!
{
	archiveVersion = 1;
	classes = {
	};
	objectVersion = 50;
	objects = {

/* Begin PBXBuildFile section */
		2909C1E0222884B3008121CC /* Extensions.swift in Sources */ = {isa = PBXBuildFile; fileRef = 2909C1DF222884B3008121CC /* Extensions.swift */; };
		2909C1E222288A3D008121CC /* SessionResponse.swift in Sources */ = {isa = PBXBuildFile; fileRef = 2909C1E122288A3D008121CC /* SessionResponse.swift */; };
		2909C1E622289C94008121CC /* StudentInformation.swift in Sources */ = {isa = PBXBuildFile; fileRef = 2909C1E522289C94008121CC /* StudentInformation.swift */; };
		2909C1E822289DD8008121CC /* Students.swift in Sources */ = {isa = PBXBuildFile; fileRef = 2909C1E722289DD8008121CC /* Students.swift */; };
		293AA19622286F4400DA5569 /* AppDelegate.swift in Sources */ = {isa = PBXBuildFile; fileRef = 293AA19522286F4400DA5569 /* AppDelegate.swift */; };
		293AA19B22286F4400DA5569 /* Main.storyboard in Resources */ = {isa = PBXBuildFile; fileRef = 293AA19922286F4400DA5569 /* Main.storyboard */; };
		293AA19D22286F4500DA5569 /* Assets.xcassets in Resources */ = {isa = PBXBuildFile; fileRef = 293AA19C22286F4500DA5569 /* Assets.xcassets */; };
		293AA1A022286F4500DA5569 /* LaunchScreen.storyboard in Resources */ = {isa = PBXBuildFile; fileRef = 293AA19E22286F4500DA5569 /* LaunchScreen.storyboard */; };
		298D525922286FB8004E87BC /* UdacityClient.swift in Sources */ = {isa = PBXBuildFile; fileRef = 298D525822286FB8004E87BC /* UdacityClient.swift */; };
		298D525D22286FE9004E87BC /* ParseClient.swift in Sources */ = {isa = PBXBuildFile; fileRef = 298D525C22286FE9004E87BC /* ParseClient.swift */; };
		298D525F22287017004E87BC /* LoginViewController.swift in Sources */ = {isa = PBXBuildFile; fileRef = 298D525E22287017004E87BC /* LoginViewController.swift */; };
		298D52612228702C004E87BC /* StudentMapViewController.swift in Sources */ = {isa = PBXBuildFile; fileRef = 298D52602228702C004E87BC /* StudentMapViewController.swift */; };
		298D526322287045004E87BC /* StudentTableViewController.swift in Sources */ = {isa = PBXBuildFile; fileRef = 298D526222287045004E87BC /* StudentTableViewController.swift */; };
		298D52652228704E004E87BC /* StudentTableViewCell.swift in Sources */ = {isa = PBXBuildFile; fileRef = 298D52642228704E004E87BC /* StudentTableViewCell.swift */; };
		298D526722287089004E87BC /* AddLocationViewController.swift in Sources */ = {isa = PBXBuildFile; fileRef = 298D526622287089004E87BC /* AddLocationViewController.swift */; };
		298D526922287095004E87BC /* ConfirmLocationViewController.swift in Sources */ = {isa = PBXBuildFile; fileRef = 298D526822287095004E87BC /* ConfirmLocationViewController.swift */; };
		29AED1BB2229CEA400B3A9BA /* StudentResults.swift in Sources */ = {isa = PBXBuildFile; fileRef = 29AED1BA2229CEA400B3A9BA /* StudentResults.swift */; };
		D05CA971222BAF53001F0976 /* Profile.swift in Sources */ = {isa = PBXBuildFile; fileRef = D05CA970222BAF53001F0976 /* Profile.swift */; };
		D0A60EDB22290DF8008AC5A0 /* LogoutRequest.swift in Sources */ = {isa = PBXBuildFile; fileRef = D0A60EDA22290DF8008AC5A0 /* LogoutRequest.swift */; };
		D0C533152230561200C30A13 /* Reachability.swift in Sources */ = {isa = PBXBuildFile; fileRef = D0C533142230561200C30A13 /* Reachability.swift */; };
/* End PBXBuildFile section */

/* Begin PBXFileReference section */
		2909C1DF222884B3008121CC /* Extensions.swift */ = {isa = PBXFileReference; lastKnownFileType = sourcecode.swift; path = Extensions.swift; sourceTree = "<group>"; };
		2909C1E122288A3D008121CC /* SessionResponse.swift */ = {isa = PBXFileReference; lastKnownFileType = sourcecode.swift; path = SessionResponse.swift; sourceTree = "<group>"; };
		2909C1E522289C94008121CC /* StudentInformation.swift */ = {isa = PBXFileReference; lastKnownFileType = sourcecode.swift; path = StudentInformation.swift; sourceTree = "<group>"; };
		2909C1E722289DD8008121CC /* Students.swift */ = {isa = PBXFileReference; lastKnownFileType = sourcecode.swift; path = Students.swift; sourceTree = "<group>"; };
		293AA19222286F4400DA5569 /* OnTheMap.app */ = {isa = PBXFileReference; explicitFileType = wrapper.application; includeInIndex = 0; path = OnTheMap.app; sourceTree = BUILT_PRODUCTS_DIR; };
		293AA19522286F4400DA5569 /* AppDelegate.swift */ = {isa = PBXFileReference; lastKnownFileType = sourcecode.swift; path = AppDelegate.swift; sourceTree = "<group>"; };
		293AA19A22286F4400DA5569 /* Base */ = {isa = PBXFileReference; lastKnownFileType = file.storyboard; name = Base; path = Base.lproj/Main.storyboard; sourceTree = "<group>"; };
		293AA19C22286F4500DA5569 /* Assets.xcassets */ = {isa = PBXFileReference; lastKnownFileType = folder.assetcatalog; path = Assets.xcassets; sourceTree = "<group>"; };
		293AA19F22286F4500DA5569 /* Base */ = {isa = PBXFileReference; lastKnownFileType = file.storyboard; name = Base; path = Base.lproj/LaunchScreen.storyboard; sourceTree = "<group>"; };
		293AA1A122286F4500DA5569 /* Info.plist */ = {isa = PBXFileReference; lastKnownFileType = text.plist.xml; path = Info.plist; sourceTree = "<group>"; };
		298D525822286FB8004E87BC /* UdacityClient.swift */ = {isa = PBXFileReference; lastKnownFileType = sourcecode.swift; path = UdacityClient.swift; sourceTree = "<group>"; };
		298D525C22286FE9004E87BC /* ParseClient.swift */ = {isa = PBXFileReference; lastKnownFileType = sourcecode.swift; path = ParseClient.swift; sourceTree = "<group>"; };
		298D525E22287017004E87BC /* LoginViewController.swift */ = {isa = PBXFileReference; lastKnownFileType = sourcecode.swift; path = LoginViewController.swift; sourceTree = "<group>"; };
		298D52602228702C004E87BC /* StudentMapViewController.swift */ = {isa = PBXFileReference; lastKnownFileType = sourcecode.swift; path = StudentMapViewController.swift; sourceTree = "<group>"; };
		298D526222287045004E87BC /* StudentTableViewController.swift */ = {isa = PBXFileReference; lastKnownFileType = sourcecode.swift; path = StudentTableViewController.swift; sourceTree = "<group>"; };
		298D52642228704E004E87BC /* StudentTableViewCell.swift */ = {isa = PBXFileReference; lastKnownFileType = sourcecode.swift; path = StudentTableViewCell.swift; sourceTree = "<group>"; };
		298D526622287089004E87BC /* AddLocationViewController.swift */ = {isa = PBXFileReference; lastKnownFileType = sourcecode.swift; path = AddLocationViewController.swift; sourceTree = "<group>"; };
		298D526822287095004E87BC /* ConfirmLocationViewController.swift */ = {isa = PBXFileReference; lastKnownFileType = sourcecode.swift; path = ConfirmLocationViewController.swift; sourceTree = "<group>"; };
		29AED1BA2229CEA400B3A9BA /* StudentResults.swift */ = {isa = PBXFileReference; lastKnownFileType = sourcecode.swift; path = StudentResults.swift; sourceTree = "<group>"; };
		D05CA970222BAF53001F0976 /* Profile.swift */ = {isa = PBXFileReference; lastKnownFileType = sourcecode.swift; path = Profile.swift; sourceTree = "<group>"; };
		D0A60EDA22290DF8008AC5A0 /* LogoutRequest.swift */ = {isa = PBXFileReference; lastKnownFileType = sourcecode.swift; path = LogoutRequest.swift; sourceTree = "<group>"; };
		D0C533142230561200C30A13 /* Reachability.swift */ = {isa = PBXFileReference; lastKnownFileType = sourcecode.swift; path = Reachability.swift; sourceTree = "<group>"; };
/* End PBXFileReference section */

/* Begin PBXFrameworksBuildPhase section */
		293AA18F22286F4400DA5569 /* Frameworks */ = {
			isa = PBXFrameworksBuildPhase;
			buildActionMask = 2147483647;
			files = (
			);
			runOnlyForDeploymentPostprocessing = 0;
		};
/* End PBXFrameworksBuildPhase section */

/* Begin PBXGroup section */
		293A4B942228A0AA00144786 /* Data */ = {
			isa = PBXGroup;
			children = (
				2909C1E722289DD8008121CC /* Students.swift */,
			);
			path = Data;
			sourceTree = "<group>";
		};
		293AA18922286F4400DA5569 = {
			isa = PBXGroup;
			children = (
				293AA19422286F4400DA5569 /* OnTheMap */,
				293AA19322286F4400DA5569 /* Products */,
			);
			sourceTree = "<group>";
		};
		293AA19322286F4400DA5569 /* Products */ = {
			isa = PBXGroup;
			children = (
				293AA19222286F4400DA5569 /* OnTheMap.app */,
			);
			name = Products;
			sourceTree = "<group>";
		};
		293AA19422286F4400DA5569 /* OnTheMap */ = {
			isa = PBXGroup;
			children = (
				293AA1A122286F4500DA5569 /* Info.plist */,
				293AA19522286F4400DA5569 /* AppDelegate.swift */,
				298D525622286F7F004E87BC /* Model */,
				298D525422286F70004E87BC /* View */,
				298D525522286F77004E87BC /* Controller */,
				298D525722286F9A004E87BC /* Supporting Files */,
			);
			path = OnTheMap;
			sourceTree = "<group>";
		};
		298D525422286F70004E87BC /* View */ = {
			isa = PBXGroup;
			children = (
				293AA19922286F4400DA5569 /* Main.storyboard */,
				293AA19E22286F4500DA5569 /* LaunchScreen.storyboard */,
			);
			path = View;
			sourceTree = "<group>";
		};
		298D525522286F77004E87BC /* Controller */ = {
			isa = PBXGroup;
			children = (
				298D525E22287017004E87BC /* LoginViewController.swift */,
				298D526B222870B0004E87BC /* MapView */,
				298D526A222870A3004E87BC /* TableView */,
				298D526C222870C5004E87BC /* AddLocation */,
				D0C533142230561200C30A13 /* Reachability.swift */,
				2909C1DF222884B3008121CC /* Extensions.swift */,
			);
			path = Controller;
			sourceTree = "<group>";
		};
		298D525622286F7F004E87BC /* Model */ = {
			isa = PBXGroup;
			children = (
				293A4B942228A0AA00144786 /* Data */,
				298D525A22286FD0004E87BC /* Udacity */,
				298D525B22286FDE004E87BC /* Parse */,
			);
			path = Model;
			sourceTree = "<group>";
		};
		298D525722286F9A004E87BC /* Supporting Files */ = {
			isa = PBXGroup;
			children = (
				293AA19C22286F4500DA5569 /* Assets.xcassets */,
			);
			path = "Supporting Files";
			sourceTree = "<group>";
		};
		298D525A22286FD0004E87BC /* Udacity */ = {
			isa = PBXGroup;
			children = (
				298D525822286FB8004E87BC /* UdacityClient.swift */,
				2909C1E122288A3D008121CC /* SessionResponse.swift */,
				D0A60EDA22290DF8008AC5A0 /* LogoutRequest.swift */,
				D05CA970222BAF53001F0976 /* Profile.swift */,
			);
			path = Udacity;
			sourceTree = "<group>";
		};
		298D525B22286FDE004E87BC /* Parse */ = {
			isa = PBXGroup;
			children = (
				298D525C22286FE9004E87BC /* ParseClient.swift */,
				2909C1E522289C94008121CC /* StudentInformation.swift */,
				29AED1BA2229CEA400B3A9BA /* StudentResults.swift */,
			);
			path = Parse;
			sourceTree = "<group>";
		};
		298D526A222870A3004E87BC /* TableView */ = {
			isa = PBXGroup;
			children = (
				298D526222287045004E87BC /* StudentTableViewController.swift */,
				298D52642228704E004E87BC /* StudentTableViewCell.swift */,
			);
			path = TableView;
			sourceTree = "<group>";
		};
		298D526B222870B0004E87BC /* MapView */ = {
			isa = PBXGroup;
			children = (
				298D52602228702C004E87BC /* StudentMapViewController.swift */,
			);
			path = MapView;
			sourceTree = "<group>";
		};
		298D526C222870C5004E87BC /* AddLocation */ = {
			isa = PBXGroup;
			children = (
				298D526622287089004E87BC /* AddLocationViewController.swift */,
				298D526822287095004E87BC /* ConfirmLocationViewController.swift */,
			);
			path = AddLocation;
			sourceTree = "<group>";
		};
/* End PBXGroup section */

/* Begin PBXNativeTarget section */
		293AA19122286F4400DA5569 /* OnTheMap */ = {
			isa = PBXNativeTarget;
			buildConfigurationList = 293AA1A422286F4500DA5569 /* Build configuration list for PBXNativeTarget "OnTheMap" */;
			buildPhases = (
				293AA18E22286F4400DA5569 /* Sources */,
				293AA18F22286F4400DA5569 /* Frameworks */,
				293AA19022286F4400DA5569 /* Resources */,
			);
			buildRules = (
			);
			dependencies = (
			);
			name = OnTheMap;
			productName = OnTheMap;
			productReference = 293AA19222286F4400DA5569 /* OnTheMap.app */;
			productType = "com.apple.product-type.application";
		};
/* End PBXNativeTarget section */

/* Begin PBXProject section */
		293AA18A22286F4400DA5569 /* Project object */ = {
			isa = PBXProject;
			attributes = {
				LastSwiftUpdateCheck = 1010;
				LastUpgradeCheck = 1010;
				ORGANIZATIONNAME = "Justin Kampen";
				TargetAttributes = {
					293AA19122286F4400DA5569 = {
						CreatedOnToolsVersion = 10.1;
					};
				};
			};
			buildConfigurationList = 293AA18D22286F4400DA5569 /* Build configuration list for PBXProject "OnTheMap" */;
			compatibilityVersion = "Xcode 9.3";
			developmentRegion = en;
			hasScannedForEncodings = 0;
			knownRegions = (
				en,
				Base,
			);
			mainGroup = 293AA18922286F4400DA5569;
			productRefGroup = 293AA19322286F4400DA5569 /* Products */;
			projectDirPath = "";
			projectRoot = "";
			targets = (
				293AA19122286F4400DA5569 /* OnTheMap */,
			);
		};
/* End PBXProject section */

/* Begin PBXResourcesBuildPhase section */
		293AA19022286F4400DA5569 /* Resources */ = {
			isa = PBXResourcesBuildPhase;
			buildActionMask = 2147483647;
			files = (
				293AA1A022286F4500DA5569 /* LaunchScreen.storyboard in Resources */,
				293AA19D22286F4500DA5569 /* Assets.xcassets in Resources */,
				293AA19B22286F4400DA5569 /* Main.storyboard in Resources */,
			);
			runOnlyForDeploymentPostprocessing = 0;
		};
/* End PBXResourcesBuildPhase section */

/* Begin PBXSourcesBuildPhase section */
		293AA18E22286F4400DA5569 /* Sources */ = {
			isa = PBXSourcesBuildPhase;
			buildActionMask = 2147483647;
			files = (
				D05CA971222BAF53001F0976 /* Profile.swift in Sources */,
				2909C1E622289C94008121CC /* StudentInformation.swift in Sources */,
				2909C1E822289DD8008121CC /* Students.swift in Sources */,
				2909C1E222288A3D008121CC /* SessionResponse.swift in Sources */,
				298D52612228702C004E87BC /* StudentMapViewController.swift in Sources */,
				298D525F22287017004E87BC /* LoginViewController.swift in Sources */,
				D0C533152230561200C30A13 /* Reachability.swift in Sources */,
				298D526322287045004E87BC /* StudentTableViewController.swift in Sources */,
				298D526722287089004E87BC /* AddLocationViewController.swift in Sources */,
				29AED1BB2229CEA400B3A9BA /* StudentResults.swift in Sources */,
				298D525D22286FE9004E87BC /* ParseClient.swift in Sources */,
				2909C1E0222884B3008121CC /* Extensions.swift in Sources */,
				298D526922287095004E87BC /* ConfirmLocationViewController.swift in Sources */,
				298D52652228704E004E87BC /* StudentTableViewCell.swift in Sources */,
				D0A60EDB22290DF8008AC5A0 /* LogoutRequest.swift in Sources */,
				298D525922286FB8004E87BC /* UdacityClient.swift in Sources */,
				293AA19622286F4400DA5569 /* AppDelegate.swift in Sources */,
			);
			runOnlyForDeploymentPostprocessing = 0;
		};
/* End PBXSourcesBuildPhase section */

/* Begin PBXVariantGroup section */
		293AA19922286F4400DA5569 /* Main.storyboard */ = {
			isa = PBXVariantGroup;
			children = (
				293AA19A22286F4400DA5569 /* Base */,
			);
			name = Main.storyboard;
			sourceTree = "<group>";
		};
		293AA19E22286F4500DA5569 /* LaunchScreen.storyboard */ = {
			isa = PBXVariantGroup;
			children = (
				293AA19F22286F4500DA5569 /* Base */,
			);
			name = LaunchScreen.storyboard;
			sourceTree = "<group>";
		};
/* End PBXVariantGroup section */

/* Begin XCBuildConfiguration section */
		293AA1A222286F4500DA5569 /* Debug */ = {
			isa = XCBuildConfiguration;
			buildSettings = {
				ALWAYS_SEARCH_USER_PATHS = NO;
				CLANG_ANALYZER_NONNULL = YES;
				CLANG_ANALYZER_NUMBER_OBJECT_CONVERSION = YES_AGGRESSIVE;
				CLANG_CXX_LANGUAGE_STANDARD = "gnu++14";
				CLANG_CXX_LIBRARY = "libc++";
				CLANG_ENABLE_MODULES = YES;
				CLANG_ENABLE_OBJC_ARC = YES;
				CLANG_ENABLE_OBJC_WEAK = YES;
				CLANG_WARN_BLOCK_CAPTURE_AUTORELEASING = YES;
				CLANG_WARN_BOOL_CONVERSION = YES;
				CLANG_WARN_COMMA = YES;
				CLANG_WARN_CONSTANT_CONVERSION = YES;
				CLANG_WARN_DEPRECATED_OBJC_IMPLEMENTATIONS = YES;
				CLANG_WARN_DIRECT_OBJC_ISA_USAGE = YES_ERROR;
				CLANG_WARN_DOCUMENTATION_COMMENTS = YES;
				CLANG_WARN_EMPTY_BODY = YES;
				CLANG_WARN_ENUM_CONVERSION = YES;
				CLANG_WARN_INFINITE_RECURSION = YES;
				CLANG_WARN_INT_CONVERSION = YES;
				CLANG_WARN_NON_LITERAL_NULL_CONVERSION = YES;
				CLANG_WARN_OBJC_IMPLICIT_RETAIN_SELF = YES;
				CLANG_WARN_OBJC_LITERAL_CONVERSION = YES;
				CLANG_WARN_OBJC_ROOT_CLASS = YES_ERROR;
				CLANG_WARN_RANGE_LOOP_ANALYSIS = YES;
				CLANG_WARN_STRICT_PROTOTYPES = YES;
				CLANG_WARN_SUSPICIOUS_MOVE = YES;
				CLANG_WARN_UNGUARDED_AVAILABILITY = YES_AGGRESSIVE;
				CLANG_WARN_UNREACHABLE_CODE = YES;
				CLANG_WARN__DUPLICATE_METHOD_MATCH = YES;
				CODE_SIGN_IDENTITY = "iPhone Developer";
				COPY_PHASE_STRIP = NO;
				DEBUG_INFORMATION_FORMAT = dwarf;
				ENABLE_STRICT_OBJC_MSGSEND = YES;
				ENABLE_TESTABILITY = YES;
				GCC_C_LANGUAGE_STANDARD = gnu11;
				GCC_DYNAMIC_NO_PIC = NO;
				GCC_NO_COMMON_BLOCKS = YES;
				GCC_OPTIMIZATION_LEVEL = 0;
				GCC_PREPROCESSOR_DEFINITIONS = (
					"DEBUG=1",
					"$(inherited)",
				);
				GCC_WARN_64_TO_32_BIT_CONVERSION = YES;
				GCC_WARN_ABOUT_RETURN_TYPE = YES_ERROR;
				GCC_WARN_UNDECLARED_SELECTOR = YES;
				GCC_WARN_UNINITIALIZED_AUTOS = YES_AGGRESSIVE;
				GCC_WARN_UNUSED_FUNCTION = YES;
				GCC_WARN_UNUSED_VARIABLE = YES;
				IPHONEOS_DEPLOYMENT_TARGET = 12.1;
				MTL_ENABLE_DEBUG_INFO = INCLUDE_SOURCE;
				MTL_FAST_MATH = YES;
				ONLY_ACTIVE_ARCH = YES;
				SDKROOT = iphoneos;
				SWIFT_ACTIVE_COMPILATION_CONDITIONS = DEBUG;
				SWIFT_OPTIMIZATION_LEVEL = "-Onone";
			};
			name = Debug;
		};
		293AA1A322286F4500DA5569 /* Release */ = {
			isa = XCBuildConfiguration;
			buildSettings = {
				ALWAYS_SEARCH_USER_PATHS = NO;
				CLANG_ANALYZER_NONNULL = YES;
				CLANG_ANALYZER_NUMBER_OBJECT_CONVERSION = YES_AGGRESSIVE;
				CLANG_CXX_LANGUAGE_STANDARD = "gnu++14";
				CLANG_CXX_LIBRARY = "libc++";
				CLANG_ENABLE_MODULES = YES;
				CLANG_ENABLE_OBJC_ARC = YES;
				CLANG_ENABLE_OBJC_WEAK = YES;
				CLANG_WARN_BLOCK_CAPTURE_AUTORELEASING = YES;
				CLANG_WARN_BOOL_CONVERSION = YES;
				CLANG_WARN_COMMA = YES;
				CLANG_WARN_CONSTANT_CONVERSION = YES;
				CLANG_WARN_DEPRECATED_OBJC_IMPLEMENTATIONS = YES;
				CLANG_WARN_DIRECT_OBJC_ISA_USAGE = YES_ERROR;
				CLANG_WARN_DOCUMENTATION_COMMENTS = YES;
				CLANG_WARN_EMPTY_BODY = YES;
				CLANG_WARN_ENUM_CONVERSION = YES;
				CLANG_WARN_INFINITE_RECURSION = YES;
				CLANG_WARN_INT_CONVERSION = YES;
				CLANG_WARN_NON_LITERAL_NULL_CONVERSION = YES;
				CLANG_WARN_OBJC_IMPLICIT_RETAIN_SELF = YES;
				CLANG_WARN_OBJC_LITERAL_CONVERSION = YES;
				CLANG_WARN_OBJC_ROOT_CLASS = YES_ERROR;
				CLANG_WARN_RANGE_LOOP_ANALYSIS = YES;
				CLANG_WARN_STRICT_PROTOTYPES = YES;
				CLANG_WARN_SUSPICIOUS_MOVE = YES;
				CLANG_WARN_UNGUARDED_AVAILABILITY = YES_AGGRESSIVE;
				CLANG_WARN_UNREACHABLE_CODE = YES;
				CLANG_WARN__DUPLICATE_METHOD_MATCH = YES;
				CODE_SIGN_IDENTITY = "iPhone Developer";
				COPY_PHASE_STRIP = NO;
				DEBUG_INFORMATION_FORMAT = "dwarf-with-dsym";
				ENABLE_NS_ASSERTIONS = NO;
				ENABLE_STRICT_OBJC_MSGSEND = YES;
				GCC_C_LANGUAGE_STANDARD = gnu11;
				GCC_NO_COMMON_BLOCKS = YES;
				GCC_WARN_64_TO_32_BIT_CONVERSION = YES;
				GCC_WARN_ABOUT_RETURN_TYPE = YES_ERROR;
				GCC_WARN_UNDECLARED_SELECTOR = YES;
				GCC_WARN_UNINITIALIZED_AUTOS = YES_AGGRESSIVE;
				GCC_WARN_UNUSED_FUNCTION = YES;
				GCC_WARN_UNUSED_VARIABLE = YES;
				IPHONEOS_DEPLOYMENT_TARGET = 12.1;
				MTL_ENABLE_DEBUG_INFO = NO;
				MTL_FAST_MATH = YES;
				SDKROOT = iphoneos;
				SWIFT_COMPILATION_MODE = wholemodule;
				SWIFT_OPTIMIZATION_LEVEL = "-O";
				VALIDATE_PRODUCT = YES;
			};
			name = Release;
		};
		293AA1A522286F4500DA5569 /* Debug */ = {
			isa = XCBuildConfiguration;
			buildSettings = {
				ASSETCATALOG_COMPILER_APPICON_NAME = AppIcon;
				CODE_SIGN_STYLE = Automatic;
				DEVELOPMENT_TEAM = CKNQ2J3S52;
				INFOPLIST_FILE = OnTheMap/Info.plist;
				LD_RUNPATH_SEARCH_PATHS = (
					"$(inherited)",
					"@executable_path/Frameworks",
				);
				PRODUCT_BUNDLE_IDENTIFIER = justinkampen.com.OnTheMap;
				PRODUCT_NAME = "$(TARGET_NAME)";
				SWIFT_VERSION = 4.2;
				TARGETED_DEVICE_FAMILY = "1,2";
			};
			name = Debug;
		};
		293AA1A622286F4500DA5569 /* Release */ = {
			isa = XCBuildConfiguration;
			buildSettings = {
				ASSETCATALOG_COMPILER_APPICON_NAME = AppIcon;
				CODE_SIGN_STYLE = Automatic;
				DEVELOPMENT_TEAM = CKNQ2J3S52;
				INFOPLIST_FILE = OnTheMap/Info.plist;
				LD_RUNPATH_SEARCH_PATHS = (
					"$(inherited)",
					"@executable_path/Frameworks",
				);
				PRODUCT_BUNDLE_IDENTIFIER = justinkampen.com.OnTheMap;
				PRODUCT_NAME = "$(TARGET_NAME)";
				SWIFT_VERSION = 4.2;
				TARGETED_DEVICE_FAMILY = "1,2";
			};
			name = Release;
		};
/* End XCBuildConfiguration section */

/* Begin XCConfigurationList section */
		293AA18D22286F4400DA5569 /* Build configuration list for PBXProject "OnTheMap" */ = {
			isa = XCConfigurationList;
			buildConfigurations = (
				293AA1A222286F4500DA5569 /* Debug */,
				293AA1A322286F4500DA5569 /* Release */,
			);
			defaultConfigurationIsVisible = 0;
			defaultConfigurationName = Release;
		};
		293AA1A422286F4500DA5569 /* Build configuration list for PBXNativeTarget "OnTheMap" */ = {
			isa = XCConfigurationList;
			buildConfigurations = (
				293AA1A522286F4500DA5569 /* Debug */,
				293AA1A622286F4500DA5569 /* Release */,
			);
			defaultConfigurationIsVisible = 0;
			defaultConfigurationName = Release;
		};
/* End XCConfigurationList section */
	};
	rootObject = 293AA18A22286F4400DA5569 /* Project object */;
}
